
Microsoft Visual Studio Solution File, Format Version 12.00
# Visual Studio Version 17
VisualStudioVersion = 17.7.34221.43
MinimumVisualStudioVersion = 10.0.40219.1
Project("{FAE04EC0-301F-11D3-BF4B-00C04F79EFBC}") = "PatronProxy", "PatronProxy.csproj", "{DB7ED6AD-6CAC-4345-8AC4-CA54DAD0035B}"
EndProject
Global
	GlobalSection(SolutionConfigurationPlatforms) = preSolution
		Debug|Any CPU = Debug|Any CPU
		Release|Any CPU = Release|Any CPU
	EndGlobalSection
	GlobalSection(ProjectConfigurationPlatforms) = postSolution
		{DB7ED6AD-6CAC-4345-8AC4-CA54DAD0035B}.Debug|Any CPU.ActiveCfg = Debug|Any CPU
		{DB7ED6AD-6CAC-4345-8AC4-CA54DAD0035B}.Debug|Any CPU.Build.0 = Debug|Any CPU
		{DB7ED6AD-6CAC-4345-8AC4-CA54DAD0035B}.Release|Any CPU.ActiveCfg = Release|Any CPU
		{DB7ED6AD-6CAC-4345-8AC4-CA54DAD0035B}.Release|Any CPU.Build.0 = Release|Any CPU
	EndGlobalSection
	GlobalSection(SolutionProperties) = preSolution
		HideSolutionNode = FALSE
	EndGlobalSection
	GlobalSection(ExtensibilityGlobals) = postSolution
		SolutionGuid = {A10C6292-C01F-42ED-A3CC-F3E2E1900BF6}
	EndGlobalSection
EndGlobal
